
Microsoft Visual Studio Solution File, Format Version 12.00
# Visual Studio Version 17
VisualStudioVersion = 17.8.34330.188
MinimumVisualStudioVersion = 10.0.40219.1
Project("{FAE04EC0-301F-11D3-BF4B-00C04F79EFBC}") = "Prova POC", "Prova POC.csproj", "{71B9BE27-6EFC-45FA-9A30-FF339381C908}"
EndProject
Global
	GlobalSection(SolutionConfigurationPlatforms) = preSolution
		Debug|Any CPU = Debug|Any CPU
		Release|Any CPU = Release|Any CPU
	EndGlobalSection
	GlobalSection(ProjectConfigurationPlatforms) = postSolution
		{71B9BE27-6EFC-45FA-9A30-FF339381C908}.Debug|Any CPU.ActiveCfg = Debug|Any CPU
		{71B9BE27-6EFC-45FA-9A30-FF339381C908}.Debug|Any CPU.Build.0 = Debug|Any CPU
		{71B9BE27-6EFC-45FA-9A30-FF339381C908}.Release|Any CPU.ActiveCfg = Release|Any CPU
		{71B9BE27-6EFC-45FA-9A30-FF339381C908}.Release|Any CPU.Build.0 = Release|Any CPU
	EndGlobalSection
	GlobalSection(SolutionProperties) = preSolution
		HideSolutionNode = FALSE
	EndGlobalSection
	GlobalSection(ExtensibilityGlobals) = postSolution
		SolutionGuid = {A6540E2F-D7F0-4490-93B0-932B8173BB4D}
	EndGlobalSection
EndGlobal
